// !$*UTF8*$!
{
	archiveVersion = 1;
	classes = {
	};
	objectVersion = 46;
	objects = {

/* Begin PBXBuildFile section */
		D4A4EDD41F2E2ABB0012A337 /* SWRevealViewController.m in Sources */ = {isa = PBXBuildFile; fileRef = D4A4EDD31F2E2ABB0012A337 /* SWRevealViewController.m */; };
		DF4127A61EFC05D70027A15A /* AppDelegate.swift in Sources */ = {isa = PBXBuildFile; fileRef = DF4127A51EFC05D70027A15A /* AppDelegate.swift */; };
		DF4127AB1EFC05D70027A15A /* Main.storyboard in Resources */ = {isa = PBXBuildFile; fileRef = DF4127A91EFC05D70027A15A /* Main.storyboard */; };
		DF4127AD1EFC05D70027A15A /* Assets.xcassets in Resources */ = {isa = PBXBuildFile; fileRef = DF4127AC1EFC05D70027A15A /* Assets.xcassets */; };
		DF4127B01EFC05D70027A15A /* LaunchScreen.storyboard in Resources */ = {isa = PBXBuildFile; fileRef = DF4127AE1EFC05D70027A15A /* LaunchScreen.storyboard */; };
		DF4127BE1EFC06BA0027A15A /* leftViewController.swift in Sources */ = {isa = PBXBuildFile; fileRef = DF4127BD1EFC06BA0027A15A /* leftViewController.swift */; };
		DF4127C01EFC06CC0027A15A /* frontViewController.swift in Sources */ = {isa = PBXBuildFile; fileRef = DF4127BF1EFC06CC0027A15A /* frontViewController.swift */; };
		DF4127C21EFC06DB0027A15A /* rightViewController.swift in Sources */ = {isa = PBXBuildFile; fileRef = DF4127C11EFC06DB0027A15A /* rightViewController.swift */; };
		DF4127C51EFC08570027A15A /* baseCell.swift in Sources */ = {isa = PBXBuildFile; fileRef = DF4127C41EFC08570027A15A /* baseCell.swift */; };
		DF4127C71EFC08740027A15A /* leftMenuItemCell.swift in Sources */ = {isa = PBXBuildFile; fileRef = DF4127C61EFC08740027A15A /* leftMenuItemCell.swift */; };
		DF4127C91EFC0E1E0027A15A /* frontViewNavController.swift in Sources */ = {isa = PBXBuildFile; fileRef = DF4127C81EFC0E1E0027A15A /* frontViewNavController.swift */; };
		DF4127CB1EFC493E0027A15A /* rightMenuItemCell.swift in Sources */ = {isa = PBXBuildFile; fileRef = DF4127CA1EFC493E0027A15A /* rightMenuItemCell.swift */; };
/* End PBXBuildFile section */

/* Begin PBXFileReference section */
		D4A4EDD21F2E2ABB0012A337 /* SWRevealViewController.h */ = {isa = PBXFileReference; fileEncoding = 4; lastKnownFileType = sourcecode.c.h; path = SWRevealViewController.h; sourceTree = "<group>"; };
		D4A4EDD31F2E2ABB0012A337 /* SWRevealViewController.m */ = {isa = PBXFileReference; fileEncoding = 4; lastKnownFileType = sourcecode.c.objc; path = SWRevealViewController.m; sourceTree = "<group>"; };
		DF4127A21EFC05D70027A15A /* SWReavelImp.app */ = {isa = PBXFileReference; explicitFileType = wrapper.application; includeInIndex = 0; path = SWReavelImp.app; sourceTree = BUILT_PRODUCTS_DIR; };
		DF4127A51EFC05D70027A15A /* AppDelegate.swift */ = {isa = PBXFileReference; lastKnownFileType = sourcecode.swift; path = AppDelegate.swift; sourceTree = "<group>"; };
		DF4127AA1EFC05D70027A15A /* Base */ = {isa = PBXFileReference; lastKnownFileType = file.storyboard; name = Base; path = Base.lproj/Main.storyboard; sourceTree = "<group>"; };
		DF4127AC1EFC05D70027A15A /* Assets.xcassets */ = {isa = PBXFileReference; lastKnownFileType = folder.assetcatalog; path = Assets.xcassets; sourceTree = "<group>"; };
		DF4127AF1EFC05D70027A15A /* Base */ = {isa = PBXFileReference; lastKnownFileType = file.storyboard; name = Base; path = Base.lproj/LaunchScreen.storyboard; sourceTree = "<group>"; };
		DF4127B11EFC05D70027A15A /* Info.plist */ = {isa = PBXFileReference; lastKnownFileType = text.plist.xml; path = Info.plist; sourceTree = "<group>"; };
		DF4127B81EFC06610027A15A /* SWReavelImp-Bridging-Header.h */ = {isa = PBXFileReference; lastKnownFileType = sourcecode.c.h; path = "SWReavelImp-Bridging-Header.h"; sourceTree = "<group>"; };
		DF4127BD1EFC06BA0027A15A /* leftViewController.swift */ = {isa = PBXFileReference; fileEncoding = 4; lastKnownFileType = sourcecode.swift; path = leftViewController.swift; sourceTree = "<group>"; };
		DF4127BF1EFC06CC0027A15A /* frontViewController.swift */ = {isa = PBXFileReference; fileEncoding = 4; lastKnownFileType = sourcecode.swift; path = frontViewController.swift; sourceTree = "<group>"; };
		DF4127C11EFC06DB0027A15A /* rightViewController.swift */ = {isa = PBXFileReference; fileEncoding = 4; lastKnownFileType = sourcecode.swift; path = rightViewController.swift; sourceTree = "<group>"; };
		DF4127C41EFC08570027A15A /* baseCell.swift */ = {isa = PBXFileReference; fileEncoding = 4; lastKnownFileType = sourcecode.swift; path = baseCell.swift; sourceTree = "<group>"; };
		DF4127C61EFC08740027A15A /* leftMenuItemCell.swift */ = {isa = PBXFileReference; fileEncoding = 4; lastKnownFileType = sourcecode.swift; path = leftMenuItemCell.swift; sourceTree = "<group>"; };
		DF4127C81EFC0E1E0027A15A /* frontViewNavController.swift */ = {isa = PBXFileReference; fileEncoding = 4; lastKnownFileType = sourcecode.swift; path = frontViewNavController.swift; sourceTree = "<group>"; };
		DF4127CA1EFC493E0027A15A /* rightMenuItemCell.swift */ = {isa = PBXFileReference; fileEncoding = 4; lastKnownFileType = sourcecode.swift; path = rightMenuItemCell.swift; sourceTree = "<group>"; };
/* End PBXFileReference section */

/* Begin PBXFrameworksBuildPhase section */
		DF41279F1EFC05D70027A15A /* Frameworks */ = {
			isa = PBXFrameworksBuildPhase;
			buildActionMask = 2147483647;
			files = (
			);
			runOnlyForDeploymentPostprocessing = 0;
		};
/* End PBXFrameworksBuildPhase section */

/* Begin PBXGroup section */
		DF4127991EFC05D60027A15A = {
			isa = PBXGroup;
			children = (
				DF4127B71EFC06170027A15A /* Frameworks */,
				DF4127A41EFC05D70027A15A /* SWReavelImp */,
				DF4127A31EFC05D70027A15A /* Products */,
			);
			sourceTree = "<group>";
		};
		DF4127A31EFC05D70027A15A /* Products */ = {
			isa = PBXGroup;
			children = (
				DF4127A21EFC05D70027A15A /* SWReavelImp.app */,
			);
			name = Products;
			sourceTree = "<group>";
		};
		DF4127A41EFC05D70027A15A /* SWReavelImp */ = {
			isa = PBXGroup;
			children = (
				DF4127BC1EFC06910027A15A /* ViewControllers */,
				DF4127A51EFC05D70027A15A /* AppDelegate.swift */,
				DF4127A91EFC05D70027A15A /* Main.storyboard */,
				DF4127AC1EFC05D70027A15A /* Assets.xcassets */,
				DF4127AE1EFC05D70027A15A /* LaunchScreen.storyboard */,
				DF4127B11EFC05D70027A15A /* Info.plist */,
			);
			path = SWReavelImp;
			sourceTree = "<group>";
		};
		DF4127B71EFC06170027A15A /* Frameworks */ = {
			isa = PBXGroup;
			children = (
				D4A4EDD21F2E2ABB0012A337 /* SWRevealViewController.h */,
				D4A4EDD31F2E2ABB0012A337 /* SWRevealViewController.m */,
				DF4127B81EFC06610027A15A /* SWReavelImp-Bridging-Header.h */,
			);
			name = Frameworks;
			sourceTree = "<group>";
		};
		DF4127BC1EFC06910027A15A /* ViewControllers */ = {
			isa = PBXGroup;
			children = (
				DF4127C31EFC08410027A15A /* cells */,
				DF4127BD1EFC06BA0027A15A /* leftViewController.swift */,
				DF4127BF1EFC06CC0027A15A /* frontViewController.swift */,
				DF4127C11EFC06DB0027A15A /* rightViewController.swift */,
				DF4127C81EFC0E1E0027A15A /* frontViewNavController.swift */,
			);
			name = ViewControllers;
			sourceTree = "<group>";
		};
		DF4127C31EFC08410027A15A /* cells */ = {
			isa = PBXGroup;
			children = (
				DF4127C41EFC08570027A15A /* baseCell.swift */,
				DF4127C61EFC08740027A15A /* leftMenuItemCell.swift */,
				DF4127CA1EFC493E0027A15A /* rightMenuItemCell.swift */,
			);
			name = cells;
			sourceTree = "<group>";
		};
/* End PBXGroup section */

/* Begin PBXNativeTarget section */
		DF4127A11EFC05D70027A15A /* SWReavelImp */ = {
			isa = PBXNativeTarget;
			buildConfigurationList = DF4127B41EFC05D70027A15A /* Build configuration list for PBXNativeTarget "SWReavelImp" */;
			buildPhases = (
				DF41279E1EFC05D70027A15A /* Sources */,
				DF41279F1EFC05D70027A15A /* Frameworks */,
				DF4127A01EFC05D70027A15A /* Resources */,
			);
			buildRules = (
			);
			dependencies = (
			);
			name = SWReavelImp;
			productName = SWReavelImp;
			productReference = DF4127A21EFC05D70027A15A /* SWReavelImp.app */;
			productType = "com.apple.product-type.application";
		};
/* End PBXNativeTarget section */

/* Begin PBXProject section */
		DF41279A1EFC05D60027A15A /* Project object */ = {
			isa = PBXProject;
			attributes = {
				LastSwiftUpdateCheck = 0830;
				LastUpgradeCheck = 0830;
				ORGANIZATIONNAME = Saskia;
				TargetAttributes = {
					DF4127A11EFC05D70027A15A = {
						CreatedOnToolsVersion = 8.3.2;
						DevelopmentTeam = W9VCZ87L77;
						LastSwiftMigration = 0830;
						ProvisioningStyle = Automatic;
					};
				};
			};
			buildConfigurationList = DF41279D1EFC05D60027A15A /* Build configuration list for PBXProject "SWReavelImp" */;
			compatibilityVersion = "Xcode 3.2";
			developmentRegion = English;
			hasScannedForEncodings = 0;
			knownRegions = (
				en,
				Base,
			);
			mainGroup = DF4127991EFC05D60027A15A;
			productRefGroup = DF4127A31EFC05D70027A15A /* Products */;
			projectDirPath = "";
			projectRoot = "";
			targets = (
				DF4127A11EFC05D70027A15A /* SWReavelImp */,
			);
		};
/* End PBXProject section */

/* Begin PBXResourcesBuildPhase section */
		DF4127A01EFC05D70027A15A /* Resources */ = {
			isa = PBXResourcesBuildPhase;
			buildActionMask = 2147483647;
			files = (
				DF4127B01EFC05D70027A15A /* LaunchScreen.storyboard in Resources */,
				DF4127AD1EFC05D70027A15A /* Assets.xcassets in Resources */,
				DF4127AB1EFC05D70027A15A /* Main.storyboard in Resources */,
			);
			runOnlyForDeploymentPostprocessing = 0;
		};
/* End PBXResourcesBuildPhase section */

/* Begin PBXSourcesBuildPhase section */
		DF41279E1EFC05D70027A15A /* Sources */ = {
			isa = PBXSourcesBuildPhase;
			buildActionMask = 2147483647;
			files = (
				DF4127CB1EFC493E0027A15A /* rightMenuItemCell.swift in Sources */,
				DF4127C91EFC0E1E0027A15A /* frontViewNavController.swift in Sources */,
				DF4127C71EFC08740027A15A /* leftMenuItemCell.swift in Sources */,
				DF4127C21EFC06DB0027A15A /* rightViewController.swift in Sources */,
				DF4127BE1EFC06BA0027A15A /* leftViewController.swift in Sources */,
				DF4127A61EFC05D70027A15A /* AppDelegate.swift in Sources */,
				DF4127C01EFC06CC0027A15A /* frontViewController.swift in Sources */,
				D4A4EDD41F2E2ABB0012A337 /* SWRevealViewController.m in Sources */,
				DF4127C51EFC08570027A15A /* baseCell.swift in Sources */,
			);
			runOnlyForDeploymentPostprocessing = 0;
		};
/* End PBXSourcesBuildPhase section */

/* Begin PBXVariantGroup section */
		DF4127A91EFC05D70027A15A /* Main.storyboard */ = {
			isa = PBXVariantGroup;
			children = (
				DF4127AA1EFC05D70027A15A /* Base */,
			);
			name = Main.storyboard;
			sourceTree = "<group>";
		};
		DF4127AE1EFC05D70027A15A /* LaunchScreen.storyboard */ = {
			isa = PBXVariantGroup;
			children = (
				DF4127AF1EFC05D70027A15A /* Base */,
			);
			name = LaunchScreen.storyboard;
			sourceTree = "<group>";
		};
/* End PBXVariantGroup section */

/* Begin XCBuildConfiguration section */
		DF4127B21EFC05D70027A15A /* Debug */ = {
			isa = XCBuildConfiguration;
			buildSettings = {
				ALWAYS_SEARCH_USER_PATHS = NO;
				CLANG_ANALYZER_NONNULL = YES;
				CLANG_ANALYZER_NUMBER_OBJECT_CONVERSION = YES_AGGRESSIVE;
				CLANG_CXX_LANGUAGE_STANDARD = "gnu++0x";
				CLANG_CXX_LIBRARY = "libc++";
				CLANG_ENABLE_MODULES = YES;
				CLANG_ENABLE_OBJC_ARC = YES;
				CLANG_WARN_BOOL_CONVERSION = YES;
				CLANG_WARN_CONSTANT_CONVERSION = YES;
				CLANG_WARN_DIRECT_OBJC_ISA_USAGE = YES_ERROR;
				CLANG_WARN_DOCUMENTATION_COMMENTS = YES;
				CLANG_WARN_EMPTY_BODY = YES;
				CLANG_WARN_ENUM_CONVERSION = YES;
				CLANG_WARN_INFINITE_RECURSION = YES;
				CLANG_WARN_INT_CONVERSION = YES;
				CLANG_WARN_OBJC_ROOT_CLASS = YES_ERROR;
				CLANG_WARN_SUSPICIOUS_MOVE = YES;
				CLANG_WARN_UNREACHABLE_CODE = YES;
				CLANG_WARN__DUPLICATE_METHOD_MATCH = YES;
				"CODE_SIGN_IDENTITY[sdk=iphoneos*]" = "iPhone Developer";
				COPY_PHASE_STRIP = NO;
				DEBUG_INFORMATION_FORMAT = dwarf;
				ENABLE_STRICT_OBJC_MSGSEND = YES;
				ENABLE_TESTABILITY = YES;
				GCC_C_LANGUAGE_STANDARD = gnu99;
				GCC_DYNAMIC_NO_PIC = NO;
				GCC_NO_COMMON_BLOCKS = YES;
				GCC_OPTIMIZATION_LEVEL = 0;
				GCC_PREPROCESSOR_DEFINITIONS = (
					"DEBUG=1",
					"$(inherited)",
				);
				GCC_WARN_64_TO_32_BIT_CONVERSION = YES;
				GCC_WARN_ABOUT_RETURN_TYPE = YES_ERROR;
				GCC_WARN_UNDECLARED_SELECTOR = YES;
				GCC_WARN_UNINITIALIZED_AUTOS = YES_AGGRESSIVE;
				GCC_WARN_UNUSED_FUNCTION = YES;
				GCC_WARN_UNUSED_VARIABLE = YES;
				IPHONEOS_DEPLOYMENT_TARGET = 10.3;
				MTL_ENABLE_DEBUG_INFO = YES;
				ONLY_ACTIVE_ARCH = YES;
				SDKROOT = iphoneos;
				SWIFT_ACTIVE_COMPILATION_CONDITIONS = DEBUG;
				SWIFT_OPTIMIZATION_LEVEL = "-Onone";
			};
			name = Debug;
		};
		DF4127B31EFC05D70027A15A /* Release */ = {
			isa = XCBuildConfiguration;
			buildSettings = {
				ALWAYS_SEARCH_USER_PATHS = NO;
				CLANG_ANALYZER_NONNULL = YES;
				CLANG_ANALYZER_NUMBER_OBJECT_CONVERSION = YES_AGGRESSIVE;
				CLANG_CXX_LANGUAGE_STANDARD = "gnu++0x";
				CLANG_CXX_LIBRARY = "libc++";
				CLANG_ENABLE_MODULES = YES;
				CLANG_ENABLE_OBJC_ARC = YES;
				CLANG_WARN_BOOL_CONVERSION = YES;
				CLANG_WARN_CONSTANT_CONVERSION = YES;
				CLANG_WARN_DIRECT_OBJC_ISA_USAGE = YES_ERROR;
				CLANG_WARN_DOCUMENTATION_COMMENTS = YES;
				CLANG_WARN_EMPTY_BODY = YES;
				CLANG_WARN_ENUM_CONVERSION = YES;
				CLANG_WARN_INFINITE_RECURSION = YES;
				CLANG_WARN_INT_CONVERSION = YES;
				CLANG_WARN_OBJC_ROOT_CLASS = YES_ERROR;
				CLANG_WARN_SUSPICIOUS_MOVE = YES;
				CLANG_WARN_UNREACHABLE_CODE = YES;
				CLANG_WARN__DUPLICATE_METHOD_MATCH = YES;
				"CODE_SIGN_IDENTITY[sdk=iphoneos*]" = "iPhone Developer";
				COPY_PHASE_STRIP = NO;
				DEBUG_INFORMATION_FORMAT = "dwarf-with-dsym";
				ENABLE_NS_ASSERTIONS = NO;
				ENABLE_STRICT_OBJC_MSGSEND = YES;
				GCC_C_LANGUAGE_STANDARD = gnu99;
				GCC_NO_COMMON_BLOCKS = YES;
				GCC_WARN_64_TO_32_BIT_CONVERSION = YES;
				GCC_WARN_ABOUT_RETURN_TYPE = YES_ERROR;
				GCC_WARN_UNDECLARED_SELECTOR = YES;
				GCC_WARN_UNINITIALIZED_AUTOS = YES_AGGRESSIVE;
				GCC_WARN_UNUSED_FUNCTION = YES;
				GCC_WARN_UNUSED_VARIABLE = YES;
				IPHONEOS_DEPLOYMENT_TARGET = 10.3;
				MTL_ENABLE_DEBUG_INFO = NO;
				SDKROOT = iphoneos;
				SWIFT_OPTIMIZATION_LEVEL = "-Owholemodule";
				VALIDATE_PRODUCT = YES;
			};
			name = Release;
		};
		DF4127B51EFC05D70027A15A /* Debug */ = {
			isa = XCBuildConfiguration;
			buildSettings = {
				ASSETCATALOG_COMPILER_APPICON_NAME = AppIcon;
				CLANG_ENABLE_MODULES = YES;
				DEVELOPMENT_TEAM = W9VCZ87L77;
				INFOPLIST_FILE = SWReavelImp/Info.plist;
				LD_RUNPATH_SEARCH_PATHS = "$(inherited) @executable_path/Frameworks";
				PRODUCT_BUNDLE_IDENTIFIER = com.vanaf1979.SWReavelImp;
				PRODUCT_NAME = "$(TARGET_NAME)";
				SWIFT_OBJC_BRIDGING_HEADER = "SWReavelImp-Bridging-Header.h";
				SWIFT_OPTIMIZATION_LEVEL = "-Onone";
				SWIFT_VERSION = 3.0;
			};
			name = Debug;
		};
		DF4127B61EFC05D70027A15A /* Release */ = {
			isa = XCBuildConfiguration;
			buildSettings = {
				ASSETCATALOG_COMPILER_APPICON_NAME = AppIcon;
				CLANG_ENABLE_MODULES = YES;
				DEVELOPMENT_TEAM = W9VCZ87L77;
				INFOPLIST_FILE = SWReavelImp/Info.plist;
				LD_RUNPATH_SEARCH_PATHS = "$(inherited) @executable_path/Frameworks";
				PRODUCT_BUNDLE_IDENTIFIER = com.vanaf1979.SWReavelImp;
				PRODUCT_NAME = "$(TARGET_NAME)";
				SWIFT_OBJC_BRIDGING_HEADER = "SWReavelImp-Bridging-Header.h";
				SWIFT_VERSION = 3.0;
			};
			name = Release;
		};
/* End XCBuildConfiguration section */

/* Begin XCConfigurationList section */
		DF41279D1EFC05D60027A15A /* Build configuration list for PBXProject "SWReavelImp" */ = {
			isa = XCConfigurationList;
			buildConfigurations = (
				DF4127B21EFC05D70027A15A /* Debug */,
				DF4127B31EFC05D70027A15A /* Release */,
			);
			defaultConfigurationIsVisible = 0;
			defaultConfigurationName = Release;
		};
		DF4127B41EFC05D70027A15A /* Build configuration list for PBXNativeTarget "SWReavelImp" */ = {
			isa = XCConfigurationList;
			buildConfigurations = (
				DF4127B51EFC05D70027A15A /* Debug */,
				DF4127B61EFC05D70027A15A /* Release */,
			);
			defaultConfigurationIsVisible = 0;
			defaultConfigurationName = Release;
		};
/* End XCConfigurationList section */
	};
	rootObject = DF41279A1EFC05D60027A15A /* Project object */;
}
